PATH
  remote: .
  specs:
    tsp_kit (0.0.1)
      csv (~> 3.3)
      numo-narray-alt (= 0.10.5)

GEM
  remote: https://rubygems.org/
  specs:
    csv (3.3.5)
    diff-lcs (1.6.2)
    numo-narray-alt (0.10.5)
    rake (13.4.2)
    rake-compiler (1.3.1)
      rake
    rspec (3.13.2)
      rspec-core (~> 3.13.0)
      rspec-expectations (~> 3.13.0)
      rspec-mocks (~> 3.13.0)
    rspec-core (3.13.6)
      rspec-support (~> 3.13.0)
    rspec-expectations (3.13.5)
      diff-lcs (>= 1.2.0, < 2.0)
      rspec-support (~> 3.13.0)
    rspec-mocks (3.13.8)
      diff-lcs (>= 1.2.0, < 2.0)
      rspec-support (~> 3.13.0)
    rspec-support (3.13.7)
    yard (0.9.45)

PLATFORMS
  ruby

DEPENDENCIES
  rake (~> 13.2)
  rake-compiler (~> 1.3)
  rspec (~> 3.13)
  tsp_kit!
  yard (~> 0.9)

BUNDLED WITH
  4.0.16
